// !$*UTF8*$!
{
	archiveVersion = 1;
	classes = {
	};
	objectVersion = 56;
	objects = {

/* Begin PBXBuildFile section */
		87014D122A190FF20028E486 /* AppDelegate.swift in Sources */ = {isa = PBXBuildFile; fileRef = 87014D112A190FF20028E486 /* AppDelegate.swift */; };
		87014D142A190FF20028E486 /* SceneDelegate.swift in Sources */ = {isa = PBXBuildFile; fileRef = 87014D132A190FF20028E486 /* SceneDelegate.swift */; };
		87014D162A190FF20028E486 /* ViewController.swift in Sources */ = {isa = PBXBuildFile; fileRef = 87014D152A190FF20028E486 /* ViewController.swift */; };
		87014D192A190FF20028E486 /* Main.storyboard in Resources */ = {isa = PBXBuildFile; fileRef = 87014D172A190FF20028E486 /* Main.storyboard */; };
		87014D1B2A190FF30028E486 /* Assets.xcassets in Resources */ = {isa = PBXBuildFile; fileRef = 87014D1A2A190FF30028E486 /* Assets.xcassets */; };
		87014D1E2A190FF30028E486 /* LaunchScreen.storyboard in Resources */ = {isa = PBXBuildFile; fileRef = 87014D1C2A190FF30028E486 /* LaunchScreen.storyboard */; };
		87014D292A190FF40028E486 /* RestAPITests.swift in Sources */ = {isa = PBXBuildFile; fileRef = 87014D282A190FF40028E486 /* RestAPITests.swift */; };
		87014D332A190FF40028E486 /* RestAPIUITests.swift in Sources */ = {isa = PBXBuildFile; fileRef = 87014D322A190FF40028E486 /* RestAPIUITests.swift */; };
		87014D352A190FF40028E486 /* RestAPIUITestsLaunchTests.swift in Sources */ = {isa = PBXBuildFile; fileRef = 87014D342A190FF40028E486 /* RestAPIUITestsLaunchTests.swift */; };
/* End PBXBuildFile section */

/* Begin PBXContainerItemProxy section */
		87014D252A190FF40028E486 /* PBXContainerItemProxy */ = {
			isa = PBXContainerItemProxy;
			containerPortal = 87014D062A190FF20028E486 /* Project object */;
			proxyType = 1;
			remoteGlobalIDString = 87014D0D2A190FF20028E486;
			remoteInfo = RestAPI;
		};
		87014D2F2A190FF40028E486 /* PBXContainerItemProxy */ = {
			isa = PBXContainerItemProxy;
			containerPortal = 87014D062A190FF20028E486 /* Project object */;
			proxyType = 1;
			remoteGlobalIDString = 87014D0D2A190FF20028E486;
			remoteInfo = RestAPI;
		};
/* End PBXContainerItemProxy section */

/* Begin PBXFileReference section */
		87014D0E2A190FF20028E486 /* RestAPI.app */ = {isa = PBXFileReference; explicitFileType = wrapper.application; includeInIndex = 0; path = RestAPI.app; sourceTree = BUILT_PRODUCTS_DIR; };
		87014D112A190FF20028E486 /* AppDelegate.swift */ = {isa = PBXFileReference; lastKnownFileType = sourcecode.swift; path = AppDelegate.swift; sourceTree = "<group>"; };
		87014D132A190FF20028E486 /* SceneDelegate.swift */ = {isa = PBXFileReference; lastKnownFileType = sourcecode.swift; path = SceneDelegate.swift; sourceTree = "<group>"; };
		87014D152A190FF20028E486 /* ViewController.swift */ = {isa = PBXFileReference; lastKnownFileType = sourcecode.swift; path = ViewController.swift; sourceTree = "<group>"; };
		87014D182A190FF20028E486 /* Base */ = {isa = PBXFileReference; lastKnownFileType = file.storyboard; name = Base; path = Base.lproj/Main.storyboard; sourceTree = "<group>"; };
		87014D1A2A190FF30028E486 /* Assets.xcassets */ = {isa = PBXFileReference; lastKnownFileType = folder.assetcatalog; path = Assets.xcassets; sourceTree = "<group>"; };
		87014D1D2A190FF30028E486 /* Base */ = {isa = PBXFileReference; lastKnownFileType = file.storyboard; name = Base; path = Base.lproj/LaunchScreen.storyboard; sourceTree = "<group>"; };
		87014D1F2A190FF30028E486 /* Info.plist */ = {isa = PBXFileReference; lastKnownFileType = text.plist.xml; path = Info.plist; sourceTree = "<group>"; };
		87014D242A190FF40028E486 /* RestAPITests.xctest */ = {isa = PBXFileReference; explicitFileType = wrapper.cfbundle; includeInIndex = 0; path = RestAPITests.xctest; sourceTree = BUILT_PRODUCTS_DIR; };
		87014D282A190FF40028E486 /* RestAPITests.swift */ = {isa = PBXFileReference; lastKnownFileType = sourcecode.swift; path = RestAPITests.swift; sourceTree = "<group>"; };
		87014D2E2A190FF40028E486 /* RestAPIUITests.xctest */ = {isa = PBXFileReference; explicitFileType = wrapper.cfbundle; includeInIndex = 0; path = RestAPIUITests.xctest; sourceTree = BUILT_PRODUCTS_DIR; };
		87014D322A190FF40028E486 /* RestAPIUITests.swift */ = {isa = PBXFileReference; lastKnownFileType = sourcecode.swift; path = RestAPIUITests.swift; sourceTree = "<group>"; };
		87014D342A190FF40028E486 /* RestAPIUITestsLaunchTests.swift */ = {isa = PBXFileReference; lastKnownFileType = sourcecode.swift; path = RestAPIUITestsLaunchTests.swift; sourceTree = "<group>"; };
/* End PBXFileReference section */

/* Begin PBXFrameworksBuildPhase section */
		87014D0B2A190FF20028E486 /* Frameworks */ = {
			isa = PBXFrameworksBuildPhase;
			buildActionMask = 2147483647;
			files = (
			);
			runOnlyForDeploymentPostprocessing = 0;
		};
		87014D212A190FF40028E486 /* Frameworks */ = {
			isa = PBXFrameworksBuildPhase;
			buildActionMask = 2147483647;
			files = (
			);
			runOnlyForDeploymentPostprocessing = 0;
		};
		87014D2B2A190FF40028E486 /* Frameworks */ = {
			isa = PBXFrameworksBuildPhase;
			buildActionMask = 2147483647;
			files = (
			);
			runOnlyForDeploymentPostprocessing = 0;
		};
/* End PBXFrameworksBuildPhase section */

/* Begin PBXGroup section */
		87014D052A190FF20028E486 = {
			isa = PBXGroup;
			children = (
				87014D102A190FF20028E486 /* RestAPI */,
				87014D272A190FF40028E486 /* RestAPITests */,
				87014D312A190FF40028E486 /* RestAPIUITests */,
				87014D0F2A190FF20028E486 /* Products */,
			);
			sourceTree = "<group>";
		};
		87014D0F2A190FF20028E486 /* Products */ = {
			isa = PBXGroup;
			children = (
				87014D0E2A190FF20028E486 /* RestAPI.app */,
				87014D242A190FF40028E486 /* RestAPITests.xctest */,
				87014D2E2A190FF40028E486 /* RestAPIUITests.xctest */,
			);
			name = Products;
			sourceTree = "<group>";
		};
		87014D102A190FF20028E486 /* RestAPI */ = {
			isa = PBXGroup;
			children = (
				87014D112A190FF20028E486 /* AppDelegate.swift */,
				87014D132A190FF20028E486 /* SceneDelegate.swift */,
				87014D152A190FF20028E486 /* ViewController.swift */,
				87014D172A190FF20028E486 /* Main.storyboard */,
				87014D1A2A190FF30028E486 /* Assets.xcassets */,
				87014D1C2A190FF30028E486 /* LaunchScreen.storyboard */,
				87014D1F2A190FF30028E486 /* Info.plist */,
			);
			path = RestAPI;
			sourceTree = "<group>";
		};
		87014D272A190FF40028E486 /* RestAPITests */ = {
			isa = PBXGroup;
			children = (
				87014D282A190FF40028E486 /* RestAPITests.swift */,
			);
			path = RestAPITests;
			sourceTree = "<group>";
		};
		87014D312A190FF40028E486 /* RestAPIUITests */ = {
			isa = PBXGroup;
			children = (
				87014D322A190FF40028E486 /* RestAPIUITests.swift */,
				87014D342A190FF40028E486 /* RestAPIUITestsLaunchTests.swift */,
			);
			path = RestAPIUITests;
			sourceTree = "<group>";
		};
/* End PBXGroup section */

/* Begin PBXNativeTarget section */
		87014D0D2A190FF20028E486 /* RestAPI */ = {
			isa = PBXNativeTarget;
			buildConfigurationList = 87014D382A190FF40028E486 /* Build configuration list for PBXNativeTarget "RestAPI" */;
			buildPhases = (
				87014D0A2A190FF20028E486 /* Sources */,
				87014D0B2A190FF20028E486 /* Frameworks */,
				87014D0C2A190FF20028E486 /* Resources */,
			);
			buildRules = (
			);
			dependencies = (
			);
			name = RestAPI;
			productName = RestAPI;
			productReference = 87014D0E2A190FF20028E486 /* RestAPI.app */;
			productType = "com.apple.product-type.application";
		};
		87014D232A190FF40028E486 /* RestAPITests */ = {
			isa = PBXNativeTarget;
			buildConfigurationList = 87014D3B2A190FF40028E486 /* Build configuration list for PBXNativeTarget "RestAPITests" */;
			buildPhases = (
				87014D202A190FF40028E486 /* Sources */,
				87014D212A190FF40028E486 /* Frameworks */,
				87014D222A190FF40028E486 /* Resources */,
			);
			buildRules = (
			);
			dependencies = (
				87014D262A190FF40028E486 /* PBXTargetDependency */,
			);
			name = RestAPITests;
			productName = RestAPITests;
			productReference = 87014D242A190FF40028E486 /* RestAPITests.xctest */;
			productType = "com.apple.product-type.bundle.unit-test";
		};
		87014D2D2A190FF40028E486 /* RestAPIUITests */ = {
			isa = PBXNativeTarget;
			buildConfigurationList = 87014D3E2A190FF40028E486 /* Build configuration list for PBXNativeTarget "RestAPIUITests" */;
			buildPhases = (
				87014D2A2A190FF40028E486 /* Sources */,
				87014D2B2A190FF40028E486 /* Frameworks */,
				87014D2C2A190FF40028E486 /* Resources */,
			);
			buildRules = (
			);
			dependencies = (
				87014D302A190FF40028E486 /* PBXTargetDependency */,
			);
			name = RestAPIUITests;
			productName = RestAPIUITests;
			productReference = 87014D2E2A190FF40028E486 /* RestAPIUITests.xctest */;
			productType = "com.apple.product-type.bundle.ui-testing";
		};
/* End PBXNativeTarget section */

/* Begin PBXProject section */
		87014D062A190FF20028E486 /* Project object */ = {
			isa = PBXProject;
			attributes = {
				BuildIndependentTargetsInParallel = 1;
				LastSwiftUpdateCheck = 1430;
				LastUpgradeCheck = 1430;
				TargetAttributes = {
					87014D0D2A190FF20028E486 = {
						CreatedOnToolsVersion = 14.3;
					};
					87014D232A190FF40028E486 = {
						CreatedOnToolsVersion = 14.3;
						TestTargetID = 87014D0D2A190FF20028E486;
					};
					87014D2D2A190FF40028E486 = {
						CreatedOnToolsVersion = 14.3;
						TestTargetID = 87014D0D2A190FF20028E486;
					};
				};
			};
			buildConfigurationList = 87014D092A190FF20028E486 /* Build configuration list for PBXProject "RestAPI" */;
			compatibilityVersion = "Xcode 14.0";
			developmentRegion = en;
			hasScannedForEncodings = 0;
			knownRegions = (
				en,
				Base,
			);
			mainGroup = 87014D052A190FF20028E486;
			productRefGroup = 87014D0F2A190FF20028E486 /* Products */;
			projectDirPath = "";
			projectRoot = "";
			targets = (
				87014D0D2A190FF20028E486 /* RestAPI */,
				87014D232A190FF40028E486 /* RestAPITests */,
				87014D2D2A190FF40028E486 /* RestAPIUITests */,
			);
		};
/* End PBXProject section */

/* Begin PBXResourcesBuildPhase section */
		87014D0C2A190FF20028E486 /* Resources */ = {
			isa = PBXResourcesBuildPhase;
			buildActionMask = 2147483647;
			files = (
				87014D1E2A190FF30028E486 /* LaunchScreen.storyboard in Resources */,
				87014D1B2A190FF30028E486 /* Assets.xcassets in Resources */,
				87014D192A190FF20028E486 /* Main.storyboard in Resources */,
			);
			runOnlyForDeploymentPostprocessing = 0;
		};
		87014D222A190FF40028E486 /* Resources */ = {
			isa = PBXResourcesBuildPhase;
			buildActionMask = 2147483647;
			files = (
			);
			runOnlyForDeploymentPostprocessing = 0;
		};
		87014D2C2A190FF40028E486 /* Resources */ = {
			isa = PBXResourcesBuildPhase;
			buildActionMask = 2147483647;
			files = (
			);
			runOnlyForDeploymentPostprocessing = 0;
		};
/* End PBXResourcesBuildPhase section */

/* Begin PBXSourcesBuildPhase section */
		87014D0A2A190FF20028E486 /* Sources */ = {
			isa = PBXSourcesBuildPhase;
			buildActionMask = 2147483647;
			files = (
				87014D162A190FF20028E486 /* ViewController.swift in Sources */,
				87014D122A190FF20028E486 /* AppDelegate.swift in Sources */,
				87014D142A190FF20028E486 /* SceneDelegate.swift in Sources */,
			);
			runOnlyForDeploymentPostprocessing = 0;
		};
		87014D202A190FF40028E486 /* Sources */ = {
			isa = PBXSourcesBuildPhase;
			buildActionMask = 2147483647;
			files = (
				87014D292A190FF40028E486 /* RestAPITests.swift in Sources */,
			);
			runOnlyForDeploymentPostprocessing = 0;
		};
		87014D2A2A190FF40028E486 /* Sources */ = {
			isa = PBXSourcesBuildPhase;
			buildActionMask = 2147483647;
			files = (
				87014D332A190FF40028E486 /* RestAPIUITests.swift in Sources */,
				87014D352A190FF40028E486 /* RestAPIUITestsLaunchTests.swift in Sources */,
			);
			runOnlyForDeploymentPostprocessing = 0;
		};
/* End PBXSourcesBuildPhase section */

/* Begin PBXTargetDependency section */
		87014D262A190FF40028E486 /* PBXTargetDependency */ = {
			isa = PBXTargetDependency;
			target = 87014D0D2A190FF20028E486 /* RestAPI */;
			targetProxy = 87014D252A190FF40028E486 /* PBXContainerItemProxy */;
		};
		87014D302A190FF40028E486 /* PBXTargetDependency */ = {
			isa = PBXTargetDependency;
			target = 87014D0D2A190FF20028E486 /* RestAPI */;
			targetProxy = 87014D2F2A190FF40028E486 /* PBXContainerItemProxy */;
		};
/* End PBXTargetDependency section */

/* Begin PBXVariantGroup section */
		87014D172A190FF20028E486 /* Main.storyboard */ = {
			isa = PBXVariantGroup;
			children = (
				87014D182A190FF20028E486 /* Base */,
			);
			name = Main.storyboard;
			sourceTree = "<group>";
		};
		87014D1C2A190FF30028E486 /* LaunchScreen.storyboard */ = {
			isa = PBXVariantGroup;
			children = (
				87014D1D2A190FF30028E486 /* Base */,
			);
			name = LaunchScreen.storyboard;
			sourceTree = "<group>";
		};
/* End PBXVariantGroup section */

/* Begin XCBuildConfiguration section */
		87014D362A190FF40028E486 /* Debug */ = {
			isa = XCBuildConfiguration;
			buildSettings = {
				ALWAYS_SEARCH_USER_PATHS = NO;
				CLANG_ANALYZER_NONNULL = YES;
				CLANG_ANALYZER_NUMBER_OBJECT_CONVERSION = YES_AGGRESSIVE;
				CLANG_CXX_LANGUAGE_STANDARD = "gnu++20";
				CLANG_ENABLE_MODULES = YES;
				CLANG_ENABLE_OBJC_ARC = YES;
				CLANG_ENABLE_OBJC_WEAK = YES;
				CLANG_WARN_BLOCK_CAPTURE_AUTORELEASING = YES;
				CLANG_WARN_BOOL_CONVERSION = YES;
				CLANG_WARN_COMMA = YES;
				CLANG_WARN_CONSTANT_CONVERSION = YES;
				CLANG_WARN_DEPRECATED_OBJC_IMPLEMENTATIONS = YES;
				CLANG_WARN_DIRECT_OBJC_ISA_USAGE = YES_ERROR;
				CLANG_WARN_DOCUMENTATION_COMMENTS = YES;
				CLANG_WARN_EMPTY_BODY = YES;
				CLANG_WARN_ENUM_CONVERSION = YES;
				CLANG_WARN_INFINITE_RECURSION = YES;
				CLANG_WARN_INT_CONVERSION = YES;
				CLANG_WARN_NON_LITERAL_NULL_CONVERSION = YES;
				CLANG_WARN_OBJC_IMPLICIT_RETAIN_SELF = YES;
				CLANG_WARN_OBJC_LITERAL_CONVERSION = YES;
				CLANG_WARN_OBJC_ROOT_CLASS = YES_ERROR;
				CLANG_WARN_QUOTED_INCLUDE_IN_FRAMEWORK_HEADER = YES;
				CLANG_WARN_RANGE_LOOP_ANALYSIS = YES;
				CLANG_WARN_STRICT_PROTOTYPES = YES;
				CLANG_WARN_SUSPICIOUS_MOVE = YES;
				CLANG_WARN_UNGUARDED_AVAILABILITY = YES_AGGRESSIVE;
				CLANG_WARN_UNREACHABLE_CODE = YES;
				CLANG_WARN__DUPLICATE_METHOD_MATCH = YES;
				COPY_PHASE_STRIP = NO;
				DEBUG_INFORMATION_FORMAT = dwarf;
				ENABLE_STRICT_OBJC_MSGSEND = YES;
				ENABLE_TESTABILITY = YES;
				GCC_C_LANGUAGE_STANDARD = gnu11;
				GCC_DYNAMIC_NO_PIC = NO;
				GCC_NO_COMMON_BLOCKS = YES;
				GCC_OPTIMIZATION_LEVEL = 0;
				GCC_PREPROCESSOR_DEFINITIONS = (
					"DEBUG=1",
					"$(inherited)",
				);
				GCC_WARN_64_TO_32_BIT_CONVERSION = YES;
				GCC_WARN_ABOUT_RETURN_TYPE = YES_ERROR;
				GCC_WARN_UNDECLARED_SELECTOR = YES;
				GCC_WARN_UNINITIALIZED_AUTOS = YES_AGGRESSIVE;
				GCC_WARN_UNUSED_FUNCTION = YES;
				GCC_WARN_UNUSED_VARIABLE = YES;
				IPHONEOS_DEPLOYMENT_TARGET = 16.4;
				MTL_ENABLE_DEBUG_INFO = INCLUDE_SOURCE;
				MTL_FAST_MATH = YES;
				ONLY_ACTIVE_ARCH = YES;
				SDKROOT = iphoneos;
				SWIFT_ACTIVE_COMPILATION_CONDITIONS = DEBUG;
				SWIFT_OPTIMIZATION_LEVEL = "-Onone";
			};
			name = Debug;
		};
		87014D372A190FF40028E486 /* Release */ = {
			isa = XCBuildConfiguration;
			buildSettings = {
				ALWAYS_SEARCH_USER_PATHS = NO;
				CLANG_ANALYZER_NONNULL = YES;
				CLANG_ANALYZER_NUMBER_OBJECT_CONVERSION = YES_AGGRESSIVE;
				CLANG_CXX_LANGUAGE_STANDARD = "gnu++20";
				CLANG_ENABLE_MODULES = YES;
				CLANG_ENABLE_OBJC_ARC = YES;
				CLANG_ENABLE_OBJC_WEAK = YES;
				CLANG_WARN_BLOCK_CAPTURE_AUTORELEASING = YES;
				CLANG_WARN_BOOL_CONVERSION = YES;
				CLANG_WARN_COMMA = YES;
				CLANG_WARN_CONSTANT_CONVERSION = YES;
				CLANG_WARN_DEPRECATED_OBJC_IMPLEMENTATIONS = YES;
				CLANG_WARN_DIRECT_OBJC_ISA_USAGE = YES_ERROR;
				CLANG_WARN_DOCUMENTATION_COMMENTS = YES;
				CLANG_WARN_EMPTY_BODY = YES;
				CLANG_WARN_ENUM_CONVERSION = YES;
				CLANG_WARN_INFINITE_RECURSION = YES;
				CLANG_WARN_INT_CONVERSION = YES;
				CLANG_WARN_NON_LITERAL_NULL_CONVERSION = YES;
				CLANG_WARN_OBJC_IMPLICIT_RETAIN_SELF = YES;
				CLANG_WARN_OBJC_LITERAL_CONVERSION = YES;
				CLANG_WARN_OBJC_ROOT_CLASS = YES_ERROR;
				CLANG_WARN_QUOTED_INCLUDE_IN_FRAMEWORK_HEADER = YES;
				CLANG_WARN_RANGE_LOOP_ANALYSIS = YES;
				CLANG_WARN_STRICT_PROTOTYPES = YES;
				CLANG_WARN_SUSPICIOUS_MOVE = YES;
				CLANG_WARN_UNGUARDED_AVAILABILITY = YES_AGGRESSIVE;
				CLANG_WARN_UNREACHABLE_CODE = YES;
				CLANG_WARN__DUPLICATE_METHOD_MATCH = YES;
				COPY_PHASE_STRIP = NO;
				DEBUG_INFORMATION_FORMAT = "dwarf-with-dsym";
				ENABLE_NS_ASSERTIONS = NO;
				ENABLE_STRICT_OBJC_MSGSEND = YES;
				GCC_C_LANGUAGE_STANDARD = gnu11;
				GCC_NO_COMMON_BLOCKS = YES;
				GCC_WARN_64_TO_32_BIT_CONVERSION = YES;
				GCC_WARN_ABOUT_RETURN_TYPE = YES_ERROR;
				GCC_WARN_UNDECLARED_SELECTOR = YES;
				GCC_WARN_UNINITIALIZED_AUTOS = YES_AGGRESSIVE;
				GCC_WARN_UNUSED_FUNCTION = YES;
				GCC_WARN_UNUSED_VARIABLE = YES;
				IPHONEOS_DEPLOYMENT_TARGET = 16.4;
				MTL_ENABLE_DEBUG_INFO = NO;
				MTL_FAST_MATH = YES;
				SDKROOT = iphoneos;
				SWIFT_COMPILATION_MODE = wholemodule;
				SWIFT_OPTIMIZATION_LEVEL = "-O";
				VALIDATE_PRODUCT = YES;
			};
			name = Release;
		};
		87014D392A190FF40028E486 /* Debug */ = {
			isa = XCBuildConfiguration;
			buildSettings = {
				ASSETCATALOG_COMPILER_APPICON_NAME = AppIcon;
				ASSETCATALOG_COMPILER_GLOBAL_ACCENT_COLOR_NAME = AccentColor;
				CODE_SIGN_STYLE = Automatic;
				CURRENT_PROJECT_VERSION = 1;
				DEVELOPMENT_TEAM = 7JPPWR5997;
				GENERATE_INFOPLIST_FILE = YES;
				INFOPLIST_FILE = RestAPI/Info.plist;
				INFOPLIST_KEY_UIApplicationSupportsIndirectInputEvents = YES;
				INFOPLIST_KEY_UILaunchStoryboardName = LaunchScreen;
				INFOPLIST_KEY_UIMainStoryboardFile = Main;
				INFOPLIST_KEY_UISupportedInterfaceOrientations = UIInterfaceOrientationPortrait;
				INFOPLIST_KEY_UISupportedInterfaceOrientations_iPad = "UIInterfaceOrientationLandscapeLeft UIInterfaceOrientationLandscapeRight UIInterfaceOrientationPortrait UIInterfaceOrientationPortraitUpsideDown";
				IPHONEOS_DEPLOYMENT_TARGET = 11.0;
				LD_RUNPATH_SEARCH_PATHS = (
					"$(inherited)",
					"@executable_path/Frameworks",
				);
				MARKETING_VERSION = 1.0;
				PRODUCT_BUNDLE_IDENTIFIER = com.soi.RestAPI;
				PRODUCT_NAME = "$(TARGET_NAME)";
				SUPPORTED_PLATFORMS = "iphoneos iphonesimulator";
				SUPPORTS_MACCATALYST = NO;
				SUPPORTS_MAC_DESIGNED_FOR_IPHONE_IPAD = NO;
				SWIFT_EMIT_LOC_STRINGS = YES;
				SWIFT_VERSION = 5.0;
				TARGETED_DEVICE_FAMILY = 1;
			};
			name = Debug;
		};
		87014D3A2A190FF40028E486 /* Release */ = {
			isa = XCBuildConfiguration;
			buildSettings = {
				ASSETCATALOG_COMPILER_APPICON_NAME = AppIcon;
				ASSETCATALOG_COMPILER_GLOBAL_ACCENT_COLOR_NAME = AccentColor;
				CODE_SIGN_STYLE = Automatic;
				CURRENT_PROJECT_VERSION = 1;
				DEVELOPMENT_TEAM = 7JPPWR5997;
				GENERATE_INFOPLIST_FILE = YES;
				INFOPLIST_FILE = RestAPI/Info.plist;
				INFOPLIST_KEY_UIApplicationSupportsIndirectInputEvents = YES;
				INFOPLIST_KEY_UILaunchStoryboardName = LaunchScreen;
				INFOPLIST_KEY_UIMainStoryboardFile = Main;
				INFOPLIST_KEY_UISupportedInterfaceOrientations = UIInterfaceOrientationPortrait;
				INFOPLIST_KEY_UISupportedInterfaceOrientations_iPad = "UIInterfaceOrientationLandscapeLeft UIInterfaceOrientationLandscapeRight UIInterfaceOrientationPortrait UIInterfaceOrientationPortraitUpsideDown";
				IPHONEOS_DEPLOYMENT_TARGET = 11.0;
				LD_RUNPATH_SEARCH_PATHS = (
					"$(inherited)",
					"@executable_path/Frameworks",
				);
				MARKETING_VERSION = 1.0;
				PRODUCT_BUNDLE_IDENTIFIER = com.soi.RestAPI;
				PRODUCT_NAME = "$(TARGET_NAME)";
				SUPPORTED_PLATFORMS = "iphoneos iphonesimulator";
				SUPPORTS_MACCATALYST = NO;
				SUPPORTS_MAC_DESIGNED_FOR_IPHONE_IPAD = NO;
				SWIFT_EMIT_LOC_STRINGS = YES;
				SWIFT_VERSION = 5.0;
				TARGETED_DEVICE_FAMILY = 1;
			};
			name = Release;
		};
		87014D3C2A190FF40028E486 /* Debug */ = {
			isa = XCBuildConfiguration;
			buildSettings = {
				ALWAYS_EMBED_SWIFT_STANDARD_LIBRARIES = YES;
				BUNDLE_LOADER = "$(TEST_HOST)";
				CODE_SIGN_STYLE = Automatic;
				CURRENT_PROJECT_VERSION = 1;
				DEVELOPMENT_TEAM = 7JPPWR5997;
				GENERATE_INFOPLIST_FILE = YES;
				IPHONEOS_DEPLOYMENT_TARGET = 16.4;
				MARKETING_VERSION = 1.0;
				PRODUCT_BUNDLE_IDENTIFIER = com.soi.RestAPITests;
				PRODUCT_NAME = "$(TARGET_NAME)";
				SUPPORTED_PLATFORMS = "iphoneos iphonesimulator";
				SUPPORTS_MACCATALYST = NO;
				SUPPORTS_MAC_DESIGNED_FOR_IPHONE_IPAD = NO;
				SWIFT_EMIT_LOC_STRINGS = NO;
				SWIFT_VERSION = 5.0;
				TARGETED_DEVICE_FAMILY = 1;
				TEST_HOST = "$(BUILT_PRODUCTS_DIR)/RestAPI.app/$(BUNDLE_EXECUTABLE_FOLDER_PATH)/RestAPI";
			};
			name = Debug;
		};
		87014D3D2A190FF40028E486 /* Release */ = {
			isa = XCBuildConfiguration;
			buildSettings = {
				ALWAYS_EMBED_SWIFT_STANDARD_LIBRARIES = YES;
				BUNDLE_LOADER = "$(TEST_HOST)";
				CODE_SIGN_STYLE = Automatic;
				CURRENT_PROJECT_VERSION = 1;
				DEVELOPMENT_TEAM = 7JPPWR5997;
				GENERATE_INFOPLIST_FILE = YES;
				IPHONEOS_DEPLOYMENT_TARGET = 16.4;
				MARKETING_VERSION = 1.0;
				PRODUCT_BUNDLE_IDENTIFIER = com.soi.RestAPITests;
				PRODUCT_NAME = "$(TARGET_NAME)";
				SUPPORTED_PLATFORMS = "iphoneos iphonesimulator";
				SUPPORTS_MACCATALYST = NO;
				SUPPORTS_MAC_DESIGNED_FOR_IPHONE_IPAD = NO;
				SWIFT_EMIT_LOC_STRINGS = NO;
				SWIFT_VERSION = 5.0;
				TARGETED_DEVICE_FAMILY = 1;
				TEST_HOST = "$(BUILT_PRODUCTS_DIR)/RestAPI.app/$(BUNDLE_EXECUTABLE_FOLDER_PATH)/RestAPI";
			};
			name = Release;
		};
		87014D3F2A190FF40028E486 /* Debug */ = {
			isa = XCBuildConfiguration;
			buildSettings = {
				ALWAYS_EMBED_SWIFT_STANDARD_LIBRARIES = YES;
				CODE_SIGN_STYLE = Automatic;
				CURRENT_PROJECT_VERSION = 1;
				DEVELOPMENT_TEAM = 7JPPWR5997;
				GENERATE_INFOPLIST_FILE = YES;
				MARKETING_VERSION = 1.0;
				PRODUCT_BUNDLE_IDENTIFIER = com.soi.RestAPIUITests;
				PRODUCT_NAME = "$(TARGET_NAME)";
				SUPPORTED_PLATFORMS = "iphoneos iphonesimulator";
				SUPPORTS_MACCATALYST = NO;
				SUPPORTS_MAC_DESIGNED_FOR_IPHONE_IPAD = NO;
				SWIFT_EMIT_LOC_STRINGS = NO;
				SWIFT_VERSION = 5.0;
				TARGETED_DEVICE_FAMILY = 1;
				TEST_TARGET_NAME = RestAPI;
			};
			name = Debug;
		};
		87014D402A190FF40028E486 /* Release */ = {
			isa = XCBuildConfiguration;
			buildSettings = {
				ALWAYS_EMBED_SWIFT_STANDARD_LIBRARIES = YES;
				CODE_SIGN_STYLE = Automatic;
				CURRENT_PROJECT_VERSION = 1;
				DEVELOPMENT_TEAM = 7JPPWR5997;
				GENERATE_INFOPLIST_FILE = YES;
				MARKETING_VERSION = 1.0;
				PRODUCT_BUNDLE_IDENTIFIER = com.soi.RestAPIUITests;
				PRODUCT_NAME = "$(TARGET_NAME)";
				SUPPORTED_PLATFORMS = "iphoneos iphonesimulator";
				SUPPORTS_MACCATALYST = NO;
				SUPPORTS_MAC_DESIGNED_FOR_IPHONE_IPAD = NO;
				SWIFT_EMIT_LOC_STRINGS = NO;
				SWIFT_VERSION = 5.0;
				TARGETED_DEVICE_FAMILY = 1;
				TEST_TARGET_NAME = RestAPI;
			};
			name = Release;
		};
/* End XCBuildConfiguration section */

/* Begin XCConfigurationList section */
		87014D092A190FF20028E486 /* Build configuration list for PBXProject "RestAPI" */ = {
			isa = XCConfigurationList;
			buildConfigurations = (
				87014D362A190FF40028E486 /* Debug */,
				87014D372A190FF40028E486 /* Release */,
			);
			defaultConfigurationIsVisible = 0;
			defaultConfigurationName = Release;
		};
		87014D382A190FF40028E486 /* Build configuration list for PBXNativeTarget "RestAPI" */ = {
			isa = XCConfigurationList;
			buildConfigurations = (
				87014D392A190FF40028E486 /* Debug */,
				87014D3A2A190FF40028E486 /* Release */,
			);
			defaultConfigurationIsVisible = 0;
			defaultConfigurationName = Release;
		};
		87014D3B2A190FF40028E486 /* Build configuration list for PBXNativeTarget "RestAPITests" */ = {
			isa = XCConfigurationList;
			buildConfigurations = (
				87014D3C2A190FF40028E486 /* Debug */,
				87014D3D2A190FF40028E486 /* Release */,
			);
			defaultConfigurationIsVisible = 0;
			defaultConfigurationName = Release;
		};
		87014D3E2A190FF40028E486 /* Build configuration list for PBXNativeTarget "RestAPIUITests" */ = {
			isa = XCConfigurationList;
			buildConfigurations = (
				87014D3F2A190FF40028E486 /* Debug */,
				87014D402A190FF40028E486 /* Release */,
			);
			defaultConfigurationIsVisible = 0;
			defaultConfigurationName = Release;
		};
/* End XCConfigurationList section */
	};
	rootObject = 87014D062A190FF20028E486 /* Project object */;
}
